
Microsoft Visual Studio Solution File, Format Version 12.00
# Visual Studio Version 16
VisualStudioVersion = 16.0.30309.148
MinimumVisualStudioVersion = 10.0.40219.1
Project("{FAE04EC0-301F-11D3-BF4B-00C04F79EFBC}") = "WebApplication9", "WebApplication9\WebApplication9.csproj", "{572B3107-357F-4444-A6EF-DC4AF187F79E}"
EndProject
Global
	GlobalSection(SolutionConfigurationPlatforms) = preSolution
		Debug|Any CPU = Debug|Any CPU
		Release|Any CPU = Release|Any CPU
	EndGlobalSection
	GlobalSection(ProjectConfigurationPlatforms) = postSolution
		{572B3107-357F-4444-A6EF-DC4AF187F79E}.Debug|Any CPU.ActiveCfg = Debug|Any CPU
		{572B3107-357F-4444-A6EF-DC4AF187F79E}.Debug|Any CPU.Build.0 = Debug|Any CPU
		{572B3107-357F-4444-A6EF-DC4AF187F79E}.Release|Any CPU.ActiveCfg = Release|Any CPU
		{572B3107-357F-4444-A6EF-DC4AF187F79E}.Release|Any CPU.Build.0 = Release|Any CPU
	EndGlobalSection
	GlobalSection(SolutionProperties) = preSolution
		HideSolutionNode = FALSE
	EndGlobalSection
	GlobalSection(ExtensibilityGlobals) = postSolution
		SolutionGuid = {B30BCC54-B7B9-4CAE-B289-07A086453889}
	EndGlobalSection
EndGlobal
